// !$*UTF8*$!
{
	archiveVersion = 1;
	classes = {
	};
	objectVersion = 46;
	objects = {

/* Begin PBXBuildFile section */
		08199828BC802667B14B0270 /* CoreText.framework in Frameworks */ = {isa = PBXBuildFile; fileRef = ABCA49F99BBF4FA5E8CBAB1E /* CoreText.framework */; };
		0E28DC5B35912B948A4893DF /* BuddyBuildSDK.framework in Frameworks */ = {isa = PBXBuildFile; fileRef = 35463CEC57105D507F0BA4EA /* BuddyBuildSDK.framework */; };
		30338CF2EBA2E34E64557186 /* AVFoundation.framework in Frameworks */ = {isa = PBXBuildFile; fileRef = 316BB94AF117471FD558EAD3 /* AVFoundation.framework */; };
		347F9BBF0959EAAFAA6C2ECA /* CoreVideo.framework in Frameworks */ = {isa = PBXBuildFile; fileRef = A46D2FB5BAD3D7B80299BD1D /* CoreVideo.framework */; };
		371D5C35A56ACD499D994F96 /* QuartzCore.framework in Frameworks */ = {isa = PBXBuildFile; fileRef = 6A75AA86F18E4F7A3953B11E /* QuartzCore.framework */; };
		77C135A48DF2799C08B3BE0F /* SystemConfiguration.framework in Frameworks */ = {isa = PBXBuildFile; fileRef = A1D5C5FD33F875B09CE8EE49 /* SystemConfiguration.framework */; };
		823EA7011E3CFC5200F2351C /* RomanNumeralCalculatorTests.swift in Sources */ = {isa = PBXBuildFile; fileRef = 823EA7001E3CFC5200F2351C /* RomanNumeralCalculatorTests.swift */; };
		823EA70F1E3D3CC700F2351C /* RomanNumeralCalculatorUITests.swift in Sources */ = {isa = PBXBuildFile; fileRef = 823EA70E1E3D3CC700F2351C /* RomanNumeralCalculatorUITests.swift */; };
		835AEC8F1D80DD800046555C /* AppDelegate.swift in Sources */ = {isa = PBXBuildFile; fileRef = 835AEC8E1D80DD800046555C /* AppDelegate.swift */; };
		835AEC911D80DD800046555C /* ViewController.swift in Sources */ = {isa = PBXBuildFile; fileRef = 835AEC901D80DD800046555C /* ViewController.swift */; };
		835AEC941D80DD800046555C /* Main.storyboard in Resources */ = {isa = PBXBuildFile; fileRef = 835AEC921D80DD800046555C /* Main.storyboard */; };
		835AEC961D80DD800046555C /* Assets.xcassets in Resources */ = {isa = PBXBuildFile; fileRef = 835AEC951D80DD800046555C /* Assets.xcassets */; };
		835AECBD1D80ED8F0046555C /* RomanNumeral.swift in Sources */ = {isa = PBXBuildFile; fileRef = 835AECBC1D80ED8F0046555C /* RomanNumeral.swift */; };
		8C792646CFCD6E4BD65F072D /* CoreMedia.framework in Frameworks */ = {isa = PBXBuildFile; fileRef = 04D9AA75030A5EEC21402706 /* CoreMedia.framework */; };
		A91340121DE008F2005ED9CA /* LaunchScreen.xib in Resources */ = {isa = PBXBuildFile; fileRef = A91340101DE008F2005ED9CA /* LaunchScreen.xib */; };
		C9679E8E9909C1B805786125 /* CoreTelephony.framework in Frameworks */ = {isa = PBXBuildFile; fileRef = 998A63FE2FE690936D3BF3F1 /* CoreTelephony.framework */; };
		F3E12B7330959734195F1468 /* AssetsLibrary.framework in Frameworks */ = {isa = PBXBuildFile; fileRef = 3E20CCD5BE4DEA06F0E1B598 /* AssetsLibrary.framework */; };
/* End PBXBuildFile section */

/* Begin PBXContainerItemProxy section */
		823EA7031E3CFC5200F2351C /* PBXContainerItemProxy */ = {
			isa = PBXContainerItemProxy;
			containerPortal = 835AEC831D80DD7F0046555C /* Project object */;
			proxyType = 1;
			remoteGlobalIDString = 835AEC8A1D80DD7F0046555C;
			remoteInfo = RomanNumeralCalculator;
		};
		823EA7111E3D3CC700F2351C /* PBXContainerItemProxy */ = {
			isa = PBXContainerItemProxy;
			containerPortal = 835AEC831D80DD7F0046555C /* Project object */;
			proxyType = 1;
			remoteGlobalIDString = 835AEC8A1D80DD7F0046555C;
			remoteInfo = RomanNumeralCalculator;
		};
/* End PBXContainerItemProxy section */

/* Begin PBXFileReference section */
		04D9AA75030A5EEC21402706 /* CoreMedia.framework */ = {isa = PBXFileReference; lastKnownFileType = wrapper.framework; name = CoreMedia.framework; path = System/Library/Frameworks/CoreMedia.framework; sourceTree = SDKROOT; };
		316BB94AF117471FD558EAD3 /* AVFoundation.framework */ = {isa = PBXFileReference; lastKnownFileType = wrapper.framework; name = AVFoundation.framework; path = System/Library/Frameworks/AVFoundation.framework; sourceTree = SDKROOT; };
		35463CEC57105D507F0BA4EA /* BuddyBuildSDK.framework */ = {isa = PBXFileReference; lastKnownFileType = wrapper.framework; path = BuddyBuildSDK.framework; sourceTree = "<group>"; };
		3E20CCD5BE4DEA06F0E1B598 /* AssetsLibrary.framework */ = {isa = PBXFileReference; lastKnownFileType = wrapper.framework; name = AssetsLibrary.framework; path = System/Library/Frameworks/AssetsLibrary.framework; sourceTree = SDKROOT; };
		6A75AA86F18E4F7A3953B11E /* QuartzCore.framework */ = {isa = PBXFileReference; lastKnownFileType = wrapper.framework; name = QuartzCore.framework; path = System/Library/Frameworks/QuartzCore.framework; sourceTree = SDKROOT; };
		823EA6FE1E3CFC5200F2351C /* RomanNumeralCalculatorTests.xctest */ = {isa = PBXFileReference; explicitFileType = wrapper.cfbundle; includeInIndex = 0; path = RomanNumeralCalculatorTests.xctest; sourceTree = BUILT_PRODUCTS_DIR; };
		823EA7001E3CFC5200F2351C /* RomanNumeralCalculatorTests.swift */ = {isa = PBXFileReference; lastKnownFileType = sourcecode.swift; path = RomanNumeralCalculatorTests.swift; sourceTree = "<group>"; };
		823EA7021E3CFC5200F2351C /* Info.plist */ = {isa = PBXFileReference; lastKnownFileType = text.plist.xml; path = Info.plist; sourceTree = "<group>"; };
		823EA70C1E3D3CC700F2351C /* RomanNumeralCalculatorUITests.xctest */ = {isa = PBXFileReference; explicitFileType = wrapper.cfbundle; includeInIndex = 0; path = RomanNumeralCalculatorUITests.xctest; sourceTree = BUILT_PRODUCTS_DIR; };
		823EA70E1E3D3CC700F2351C /* RomanNumeralCalculatorUITests.swift */ = {isa = PBXFileReference; lastKnownFileType = sourcecode.swift; path = RomanNumeralCalculatorUITests.swift; sourceTree = "<group>"; };
		823EA7101E3D3CC700F2351C /* Info.plist */ = {isa = PBXFileReference; lastKnownFileType = text.plist.xml; path = Info.plist; sourceTree = "<group>"; };
		835AEC8B1D80DD800046555C /* RomanNumeralCalculator.app */ = {isa = PBXFileReference; explicitFileType = wrapper.application; includeInIndex = 0; path = RomanNumeralCalculator.app; sourceTree = BUILT_PRODUCTS_DIR; };
		835AEC8E1D80DD800046555C /* AppDelegate.swift */ = {isa = PBXFileReference; lastKnownFileType = sourcecode.swift; path = AppDelegate.swift; sourceTree = "<group>"; };
		835AEC901D80DD800046555C /* ViewController.swift */ = {isa = PBXFileReference; lastKnownFileType = sourcecode.swift; path = ViewController.swift; sourceTree = "<group>"; };
		835AEC931D80DD800046555C /* Base */ = {isa = PBXFileReference; lastKnownFileType = file.storyboard; name = Base; path = Base.lproj/Main.storyboard; sourceTree = "<group>"; };
		835AEC951D80DD800046555C /* Assets.xcassets */ = {isa = PBXFileReference; lastKnownFileType = folder.assetcatalog; path = Assets.xcassets; sourceTree = "<group>"; };
		835AEC9A1D80DD800046555C /* Info.plist */ = {isa = PBXFileReference; lastKnownFileType = text.plist.xml; path = Info.plist; sourceTree = "<group>"; };
		835AECBC1D80ED8F0046555C /* RomanNumeral.swift */ = {isa = PBXFileReference; fileEncoding = 4; lastKnownFileType = sourcecode.swift; path = RomanNumeral.swift; sourceTree = "<group>"; };
		998A63FE2FE690936D3BF3F1 /* CoreTelephony.framework */ = {isa = PBXFileReference; lastKnownFileType = wrapper.framework; name = CoreTelephony.framework; path = System/Library/Frameworks/CoreTelephony.framework; sourceTree = SDKROOT; };
		A1D5C5FD33F875B09CE8EE49 /* SystemConfiguration.framework */ = {isa = PBXFileReference; lastKnownFileType = wrapper.framework; name = SystemConfiguration.framework; path = System/Library/Frameworks/SystemConfiguration.framework; sourceTree = SDKROOT; };
		A46D2FB5BAD3D7B80299BD1D /* CoreVideo.framework */ = {isa = PBXFileReference; lastKnownFileType = wrapper.framework; name = CoreVideo.framework; path = System/Library/Frameworks/CoreVideo.framework; sourceTree = SDKROOT; };
		A91340111DE008F2005ED9CA /* Base */ = {isa = PBXFileReference; lastKnownFileType = file.xib; name = Base; path = Base.lproj/LaunchScreen.xib; sourceTree = "<group>"; };
		ABCA49F99BBF4FA5E8CBAB1E /* CoreText.framework */ = {isa = PBXFileReference; lastKnownFileType = wrapper.framework; name = CoreText.framework; path = System/Library/Frameworks/CoreText.framework; sourceTree = SDKROOT; };
		EE0DAE145B09C56A8BFC6135 /* Bridging-Header.h */ = {isa = PBXFileReference; includeInIndex = 1; lastKnownFileType = sourcecode.c.h; path = "Bridging-Header.h"; sourceTree = "<group>"; };
/* End PBXFileReference section */

/* Begin PBXFrameworksBuildPhase section */
		823EA6FB1E3CFC5200F2351C /* Frameworks */ = {
			isa = PBXFrameworksBuildPhase;
			buildActionMask = 2147483647;
			files = (
			);
			runOnlyForDeploymentPostprocessing = 0;
		};
		823EA7091E3D3CC700F2351C /* Frameworks */ = {
			isa = PBXFrameworksBuildPhase;
			buildActionMask = 2147483647;
			files = (
			);
			runOnlyForDeploymentPostprocessing = 0;
		};
		835AEC881D80DD7F0046555C /* Frameworks */ = {
			isa = PBXFrameworksBuildPhase;
			buildActionMask = 2147483647;
			files = (
				0E28DC5B35912B948A4893DF /* BuddyBuildSDK.framework in Frameworks */,
				F3E12B7330959734195F1468 /* AssetsLibrary.framework in Frameworks */,
				08199828BC802667B14B0270 /* CoreText.framework in Frameworks */,
				C9679E8E9909C1B805786125 /* CoreTelephony.framework in Frameworks */,
				77C135A48DF2799C08B3BE0F /* SystemConfiguration.framework in Frameworks */,
				371D5C35A56ACD499D994F96 /* QuartzCore.framework in Frameworks */,
				30338CF2EBA2E34E64557186 /* AVFoundation.framework in Frameworks */,
				8C792646CFCD6E4BD65F072D /* CoreMedia.framework in Frameworks */,
				347F9BBF0959EAAFAA6C2ECA /* CoreVideo.framework in Frameworks */,
			);
			runOnlyForDeploymentPostprocessing = 0;
		};
/* End PBXFrameworksBuildPhase section */

/* Begin PBXGroup section */
		823EA6FF1E3CFC5200F2351C /* RomanNumeralCalculatorTests */ = {
			isa = PBXGroup;
			children = (
				823EA7001E3CFC5200F2351C /* RomanNumeralCalculatorTests.swift */,
				823EA7021E3CFC5200F2351C /* Info.plist */,
			);
			path = RomanNumeralCalculatorTests;
			sourceTree = "<group>";
		};
		823EA70D1E3D3CC700F2351C /* RomanNumeralCalculatorUITests */ = {
			isa = PBXGroup;
			children = (
				823EA70E1E3D3CC700F2351C /* RomanNumeralCalculatorUITests.swift */,
				823EA7101E3D3CC700F2351C /* Info.plist */,
			);
			path = RomanNumeralCalculatorUITests;
			sourceTree = "<group>";
		};
		835AEC821D80DD7F0046555C = {
			isa = PBXGroup;
			children = (
				835AEC8D1D80DD800046555C /* RomanNumeralCalculator */,
				823EA6FF1E3CFC5200F2351C /* RomanNumeralCalculatorTests */,
				823EA70D1E3D3CC700F2351C /* RomanNumeralCalculatorUITests */,
				835AEC8C1D80DD800046555C /* Products */,
				855C037F7EAA65889759C605 /* Frameworks */,
				EE0DAE145B09C56A8BFC6135 /* Bridging-Header.h */,
			);
			sourceTree = "<group>";
		};
		835AEC8C1D80DD800046555C /* Products */ = {
			isa = PBXGroup;
			children = (
				835AEC8B1D80DD800046555C /* RomanNumeralCalculator.app */,
				823EA6FE1E3CFC5200F2351C /* RomanNumeralCalculatorTests.xctest */,
				823EA70C1E3D3CC700F2351C /* RomanNumeralCalculatorUITests.xctest */,
			);
			name = Products;
			sourceTree = "<group>";
		};
		835AEC8D1D80DD800046555C /* RomanNumeralCalculator */ = {
			isa = PBXGroup;
			children = (
				835AEC8E1D80DD800046555C /* AppDelegate.swift */,
				835AEC901D80DD800046555C /* ViewController.swift */,
				835AECBC1D80ED8F0046555C /* RomanNumeral.swift */,
				835AEC951D80DD800046555C /* Assets.xcassets */,
				835AEC921D80DD800046555C /* Main.storyboard */,
				A91340101DE008F2005ED9CA /* LaunchScreen.xib */,
				835AEC9A1D80DD800046555C /* Info.plist */,
			);
			path = RomanNumeralCalculator;
			sourceTree = "<group>";
		};
		855C037F7EAA65889759C605 /* Frameworks */ = {
			isa = PBXGroup;
			children = (
				35463CEC57105D507F0BA4EA /* BuddyBuildSDK.framework */,
				3E20CCD5BE4DEA06F0E1B598 /* AssetsLibrary.framework */,
				ABCA49F99BBF4FA5E8CBAB1E /* CoreText.framework */,
				998A63FE2FE690936D3BF3F1 /* CoreTelephony.framework */,
				A1D5C5FD33F875B09CE8EE49 /* SystemConfiguration.framework */,
				6A75AA86F18E4F7A3953B11E /* QuartzCore.framework */,
				316BB94AF117471FD558EAD3 /* AVFoundation.framework */,
				04D9AA75030A5EEC21402706 /* CoreMedia.framework */,
				A46D2FB5BAD3D7B80299BD1D /* CoreVideo.framework */,
			);
			name = Frameworks;
			sourceTree = "<group>";
		};
/* End PBXGroup section */

/* Begin PBXNativeTarget section */
		823EA6FD1E3CFC5200F2351C /* RomanNumeralCalculatorTests */ = {
			isa = PBXNativeTarget;
			buildConfigurationList = 823EA7051E3CFC5200F2351C /* Build configuration list for PBXNativeTarget "RomanNumeralCalculatorTests" */;
			buildPhases = (
				823EA6FA1E3CFC5200F2351C /* Sources */,
				823EA6FB1E3CFC5200F2351C /* Frameworks */,
				823EA6FC1E3CFC5200F2351C /* Resources */,
			);
			buildRules = (
			);
			dependencies = (
				823EA7041E3CFC5200F2351C /* PBXTargetDependency */,
			);
			name = RomanNumeralCalculatorTests;
			productName = RomanNumeralCalculatorTests;
			productReference = 823EA6FE1E3CFC5200F2351C /* RomanNumeralCalculatorTests.xctest */;
			productType = "com.apple.product-type.bundle.unit-test";
		};
		823EA70B1E3D3CC700F2351C /* RomanNumeralCalculatorUITests */ = {
			isa = PBXNativeTarget;
			buildConfigurationList = 823EA7131E3D3CC700F2351C /* Build configuration list for PBXNativeTarget "RomanNumeralCalculatorUITests" */;
			buildPhases = (
				823EA7081E3D3CC700F2351C /* Sources */,
				823EA7091E3D3CC700F2351C /* Frameworks */,
				823EA70A1E3D3CC700F2351C /* Resources */,
			);
			buildRules = (
			);
			dependencies = (
				823EA7121E3D3CC700F2351C /* PBXTargetDependency */,
			);
			name = RomanNumeralCalculatorUITests;
			productName = RomanNumeralCalculatorUITests;
			productReference = 823EA70C1E3D3CC700F2351C /* RomanNumeralCalculatorUITests.xctest */;
			productType = "com.apple.product-type.bundle.ui-testing";
		};
		835AEC8A1D80DD7F0046555C /* RomanNumeralCalculator */ = {
			isa = PBXNativeTarget;
			buildConfigurationList = 835AECB31D80DD800046555C /* Build configuration list for PBXNativeTarget "RomanNumeralCalculator" */;
			buildPhases = (
				835AEC871D80DD7F0046555C /* Sources */,
				835AEC881D80DD7F0046555C /* Frameworks */,
				835AEC891D80DD7F0046555C /* Resources */,
			);
			buildRules = (
			);
			dependencies = (
			);
			name = RomanNumeralCalculator;
			productName = RomanNumeralCalculator;
			productReference = 835AEC8B1D80DD800046555C /* RomanNumeralCalculator.app */;
			productType = "com.apple.product-type.application";
		};
/* End PBXNativeTarget section */

/* Begin PBXProject section */
		835AEC831D80DD7F0046555C /* Project object */ = {
			isa = PBXProject;
			attributes = {
				LastSwiftUpdateCheck = 0820;
				LastUpgradeCheck = 0810;
				ORGANIZATIONNAME = buddybuild;
				TargetAttributes = {
					823EA6FD1E3CFC5200F2351C = {
						CreatedOnToolsVersion = 8.2.1;
						DevelopmentTeam = 9QTU947L2N;
						ProvisioningStyle = Automatic;
						TestTargetID = 835AEC8A1D80DD7F0046555C;
					};
					823EA70B1E3D3CC700F2351C = {
						CreatedOnToolsVersion = 8.2.1;
						DevelopmentTeam = 9QTU947L2N;
						ProvisioningStyle = Automatic;
						TestTargetID = 835AEC8A1D80DD7F0046555C;
					};
					835AEC8A1D80DD7F0046555C = {
						CreatedOnToolsVersion = 7.3;
						DevelopmentTeam = 9QTU947L2N;
						LastSwiftMigration = 0810;
					};
				};
			};
			buildConfigurationList = 835AEC861D80DD7F0046555C /* Build configuration list for PBXProject "RomanNumeralCalculator" */;
			compatibilityVersion = "Xcode 3.2";
			developmentRegion = English;
			hasScannedForEncodings = 0;
			knownRegions = (
				en,
				Base,
			);
			mainGroup = 835AEC821D80DD7F0046555C;
			productRefGroup = 835AEC8C1D80DD800046555C /* Products */;
			projectDirPath = "";
			projectRoot = "";
			targets = (
				835AEC8A1D80DD7F0046555C /* RomanNumeralCalculator */,
				823EA6FD1E3CFC5200F2351C /* RomanNumeralCalculatorTests */,
				823EA70B1E3D3CC700F2351C /* RomanNumeralCalculatorUITests */,
			);
		};
/* End PBXProject section */

/* Begin PBXResourcesBuildPhase section */
		823EA6FC1E3CFC5200F2351C /* Resources */ = {
			isa = PBXResourcesBuildPhase;
			buildActionMask = 2147483647;
			files = (
			);
			runOnlyForDeploymentPostprocessing = 0;
		};
		823EA70A1E3D3CC700F2351C /* Resources */ = {
			isa = PBXResourcesBuildPhase;
			buildActionMask = 2147483647;
			files = (
			);
			runOnlyForDeploymentPostprocessing = 0;
		};
		835AEC891D80DD7F0046555C /* Resources */ = {
			isa = PBXResourcesBuildPhase;
			buildActionMask = 2147483647;
			files = (
				835AEC961D80DD800046555C /* Assets.xcassets in Resources */,
				A91340121DE008F2005ED9CA /* LaunchScreen.xib in Resources */,
				835AEC941D80DD800046555C /* Main.storyboard in Resources */,
			);
			runOnlyForDeploymentPostprocessing = 0;
		};
/* End PBXResourcesBuildPhase section */

/* Begin PBXSourcesBuildPhase section */
		823EA6FA1E3CFC5200F2351C /* Sources */ = {
			isa = PBXSourcesBuildPhase;
			buildActionMask = 2147483647;
			files = (
				823EA7011E3CFC5200F2351C /* RomanNumeralCalculatorTests.swift in Sources */,
			);
			runOnlyForDeploymentPostprocessing = 0;
		};
		823EA7081E3D3CC700F2351C /* Sources */ = {
			isa = PBXSourcesBuildPhase;
			buildActionMask = 2147483647;
			files = (
				823EA70F1E3D3CC700F2351C /* RomanNumeralCalculatorUITests.swift in Sources */,
			);
			runOnlyForDeploymentPostprocessing = 0;
		};
		835AEC871D80DD7F0046555C /* Sources */ = {
			isa = PBXSourcesBuildPhase;
			buildActionMask = 2147483647;
			files = (
				835AEC911D80DD800046555C /* ViewController.swift in Sources */,
				835AECBD1D80ED8F0046555C /* RomanNumeral.swift in Sources */,
				835AEC8F1D80DD800046555C /* AppDelegate.swift in Sources */,
			);
			runOnlyForDeploymentPostprocessing = 0;
		};
/* End PBXSourcesBuildPhase section */

/* Begin PBXTargetDependency section */
		823EA7041E3CFC5200F2351C /* PBXTargetDependency */ = {
			isa = PBXTargetDependency;
			target = 835AEC8A1D80DD7F0046555C /* RomanNumeralCalculator */;
			targetProxy = 823EA7031E3CFC5200F2351C /* PBXContainerItemProxy */;
		};
		823EA7121E3D3CC700F2351C /* PBXTargetDependency */ = {
			isa = PBXTargetDependency;
			target = 835AEC8A1D80DD7F0046555C /* RomanNumeralCalculator */;
			targetProxy = 823EA7111E3D3CC700F2351C /* PBXContainerItemProxy */;
		};
/* End PBXTargetDependency section */

/* Begin PBXVariantGroup section */
		835AEC921D80DD800046555C /* Main.storyboard */ = {
			isa = PBXVariantGroup;
			children = (
				835AEC931D80DD800046555C /* Base */,
			);
			name = Main.storyboard;
			sourceTree = "<group>";
		};
		A91340101DE008F2005ED9CA /* LaunchScreen.xib */ = {
			isa = PBXVariantGroup;
			children = (
				A91340111DE008F2005ED9CA /* Base */,
			);
			name = LaunchScreen.xib;
			sourceTree = "<group>";
		};
/* End PBXVariantGroup section */

/* Begin XCBuildConfiguration section */
		823EA7061E3CFC5200F2351C /* Debug */ = {
			isa = XCBuildConfiguration;
			buildSettings = {
				BUNDLE_LOADER = "$(TEST_HOST)";
				CLANG_WARN_DOCUMENTATION_COMMENTS = YES;
				DEVELOPMENT_TEAM = 9QTU947L2N;
				INFOPLIST_FILE = RomanNumeralCalculatorTests/Info.plist;
				IPHONEOS_DEPLOYMENT_TARGET = 10.2;
				LD_RUNPATH_SEARCH_PATHS = "$(inherited) @executable_path/Frameworks @loader_path/Frameworks";
				PRODUCT_BUNDLE_IDENTIFIER = ru.happimess.RomanNumeralCalculatorTests;
				PRODUCT_NAME = "$(TARGET_NAME)";
				SWIFT_ACTIVE_COMPILATION_CONDITIONS = DEBUG;
				SWIFT_VERSION = 3.0;
				TEST_HOST = "$(BUILT_PRODUCTS_DIR)/RomanNumeralCalculator.app/RomanNumeralCalculator";
			};
			name = Debug;
		};
		823EA7071E3CFC5200F2351C /* Release */ = {
			isa = XCBuildConfiguration;
			buildSettings = {
				BUNDLE_LOADER = "$(TEST_HOST)";
				CLANG_WARN_DOCUMENTATION_COMMENTS = YES;
				DEVELOPMENT_TEAM = 9QTU947L2N;
				INFOPLIST_FILE = RomanNumeralCalculatorTests/Info.plist;
				IPHONEOS_DEPLOYMENT_TARGET = 10.2;
				LD_RUNPATH_SEARCH_PATHS = "$(inherited) @executable_path/Frameworks @loader_path/Frameworks";
				PRODUCT_BUNDLE_IDENTIFIER = ru.happimess.RomanNumeralCalculatorTests;
				PRODUCT_NAME = "$(TARGET_NAME)";
				SWIFT_VERSION = 3.0;
				TEST_HOST = "$(BUILT_PRODUCTS_DIR)/RomanNumeralCalculator.app/RomanNumeralCalculator";
			};
			name = Release;
		};
		823EA7141E3D3CC700F2351C /* Debug */ = {
			isa = XCBuildConfiguration;
			buildSettings = {
				CLANG_WARN_DOCUMENTATION_COMMENTS = YES;
				DEVELOPMENT_TEAM = 9QTU947L2N;
				INFOPLIST_FILE = RomanNumeralCalculatorUITests/Info.plist;
				IPHONEOS_DEPLOYMENT_TARGET = 10.2;
				LD_RUNPATH_SEARCH_PATHS = "$(inherited) @executable_path/Frameworks @loader_path/Frameworks";
				PRODUCT_BUNDLE_IDENTIFIER = ru.happimess.RomanNumeralCalculatorUITests;
				PRODUCT_NAME = "$(TARGET_NAME)";
				SWIFT_ACTIVE_COMPILATION_CONDITIONS = DEBUG;
				SWIFT_VERSION = 3.0;
				TEST_TARGET_NAME = RomanNumeralCalculator;
			};
			name = Debug;
		};
		823EA7151E3D3CC700F2351C /* Release */ = {
			isa = XCBuildConfiguration;
			buildSettings = {
				CLANG_WARN_DOCUMENTATION_COMMENTS = YES;
				DEVELOPMENT_TEAM = 9QTU947L2N;
				INFOPLIST_FILE = RomanNumeralCalculatorUITests/Info.plist;
				IPHONEOS_DEPLOYMENT_TARGET = 10.2;
				LD_RUNPATH_SEARCH_PATHS = "$(inherited) @executable_path/Frameworks @loader_path/Frameworks";
				PRODUCT_BUNDLE_IDENTIFIER = ru.happimess.RomanNumeralCalculatorUITests;
				PRODUCT_NAME = "$(TARGET_NAME)";
				SWIFT_VERSION = 3.0;
				TEST_TARGET_NAME = RomanNumeralCalculator;
			};
			name = Release;
		};
		835AECB11D80DD800046555C /* Debug */ = {
			isa = XCBuildConfiguration;
			buildSettings = {
				ALWAYS_SEARCH_USER_PATHS = NO;
				CLANG_ANALYZER_NONNULL = YES;
				CLANG_CXX_LANGUAGE_STANDARD = "gnu++0x";
				CLANG_CXX_LIBRARY = "libc++";
				CLANG_ENABLE_MODULES = YES;
				CLANG_ENABLE_OBJC_ARC = YES;
				CLANG_WARN_BOOL_CONVERSION = YES;
				CLANG_WARN_CONSTANT_CONVERSION = YES;
				CLANG_WARN_DIRECT_OBJC_ISA_USAGE = YES_ERROR;
				CLANG_WARN_EMPTY_BODY = YES;
				CLANG_WARN_ENUM_CONVERSION = YES;
				CLANG_WARN_INFINITE_RECURSION = YES;
				CLANG_WARN_INT_CONVERSION = YES;
				CLANG_WARN_OBJC_ROOT_CLASS = YES_ERROR;
				CLANG_WARN_SUSPICIOUS_MOVE = YES;
				CLANG_WARN_UNREACHABLE_CODE = YES;
				CLANG_WARN__DUPLICATE_METHOD_MATCH = YES;
				"CODE_SIGN_IDENTITY[sdk=iphoneos*]" = "iPhone Developer";
				COPY_PHASE_STRIP = NO;
				DEBUG_INFORMATION_FORMAT = dwarf;
				ENABLE_STRICT_OBJC_MSGSEND = YES;
				ENABLE_TESTABILITY = YES;
				GCC_C_LANGUAGE_STANDARD = gnu99;
				GCC_DYNAMIC_NO_PIC = NO;
				GCC_NO_COMMON_BLOCKS = YES;
				GCC_OPTIMIZATION_LEVEL = 0;
				GCC_PREPROCESSOR_DEFINITIONS = (
					"DEBUG=1",
					"$(inherited)",
				);
				GCC_WARN_64_TO_32_BIT_CONVERSION = YES;
				GCC_WARN_ABOUT_RETURN_TYPE = YES_ERROR;
				GCC_WARN_UNDECLARED_SELECTOR = YES;
				GCC_WARN_UNINITIALIZED_AUTOS = YES_AGGRESSIVE;
				GCC_WARN_UNUSED_FUNCTION = YES;
				GCC_WARN_UNUSED_VARIABLE = YES;
				IPHONEOS_DEPLOYMENT_TARGET = 9.3;
				MTL_ENABLE_DEBUG_INFO = YES;
				ONLY_ACTIVE_ARCH = YES;
				SDKROOT = iphoneos;
				SWIFT_OPTIMIZATION_LEVEL = "-Onone";
				TARGETED_DEVICE_FAMILY = "1,2";
			};
			name = Debug;
		};
		835AECB21D80DD800046555C /* Release */ = {
			isa = XCBuildConfiguration;
			buildSettings = {
				ALWAYS_SEARCH_USER_PATHS = NO;
				CLANG_ANALYZER_NONNULL = YES;
				CLANG_CXX_LANGUAGE_STANDARD = "gnu++0x";
				CLANG_CXX_LIBRARY = "libc++";
				CLANG_ENABLE_MODULES = YES;
				CLANG_ENABLE_OBJC_ARC = YES;
				CLANG_WARN_BOOL_CONVERSION = YES;
				CLANG_WARN_CONSTANT_CONVERSION = YES;
				CLANG_WARN_DIRECT_OBJC_ISA_USAGE = YES_ERROR;
				CLANG_WARN_EMPTY_BODY = YES;
				CLANG_WARN_ENUM_CONVERSION = YES;
				CLANG_WARN_INFINITE_RECURSION = YES;
				CLANG_WARN_INT_CONVERSION = YES;
				CLANG_WARN_OBJC_ROOT_CLASS = YES_ERROR;
				CLANG_WARN_SUSPICIOUS_MOVE = YES;
				CLANG_WARN_UNREACHABLE_CODE = YES;
				CLANG_WARN__DUPLICATE_METHOD_MATCH = YES;
				"CODE_SIGN_IDENTITY[sdk=iphoneos*]" = "iPhone Developer";
				COPY_PHASE_STRIP = NO;
				DEBUG_INFORMATION_FORMAT = "dwarf-with-dsym";
				ENABLE_NS_ASSERTIONS = NO;
				ENABLE_STRICT_OBJC_MSGSEND = YES;
				GCC_C_LANGUAGE_STANDARD = gnu99;
				GCC_NO_COMMON_BLOCKS = YES;
				GCC_WARN_64_TO_32_BIT_CONVERSION = YES;
				GCC_WARN_ABOUT_RETURN_TYPE = YES_ERROR;
				GCC_WARN_UNDECLARED_SELECTOR = YES;
				GCC_WARN_UNINITIALIZED_AUTOS = YES_AGGRESSIVE;
				GCC_WARN_UNUSED_FUNCTION = YES;
				GCC_WARN_UNUSED_VARIABLE = YES;
				IPHONEOS_DEPLOYMENT_TARGET = 9.3;
				MTL_ENABLE_DEBUG_INFO = NO;
				SDKROOT = iphoneos;
				SWIFT_OPTIMIZATION_LEVEL = "-Owholemodule";
				TARGETED_DEVICE_FAMILY = "1,2";
				VALIDATE_PRODUCT = YES;
			};
			name = Release;
		};
		835AECB41D80DD800046555C /* Debug */ = {
			isa = XCBuildConfiguration;
			buildSettings = {
				ASSETCATALOG_COMPILER_APPICON_NAME = AppIcon;
				CODE_SIGN_IDENTITY = "iPhone Developer";
				"CODE_SIGN_IDENTITY[sdk=iphoneos*]" = "iPhone Developer";
				DEVELOPMENT_TEAM = 9QTU947L2N;
				FRAMEWORK_SEARCH_PATHS = (
					"$(inherited)",
					"$(PROJECT_DIR)",
				);
				INFOPLIST_FILE = RomanNumeralCalculator/Info.plist;
				LD_RUNPATH_SEARCH_PATHS = "$(inherited) @executable_path/Frameworks";
				PRODUCT_BUNDLE_IDENTIFIER = ru.happimess.RomanNumberCalculator;
				PRODUCT_NAME = "$(TARGET_NAME)";
				PROVISIONING_PROFILE = "";
				SWIFT_INSTALL_OBJC_HEADER = NO;
				SWIFT_OBJC_BRIDGING_HEADER = "Bridging-Header.h";
				SWIFT_VERSION = 3.0;
			};
			name = Debug;
		};
		835AECB51D80DD800046555C /* Release */ = {
			isa = XCBuildConfiguration;
			buildSettings = {
				ASSETCATALOG_COMPILER_APPICON_NAME = AppIcon;
				CODE_SIGN_IDENTITY = "iPhone Developer";
				"CODE_SIGN_IDENTITY[sdk=iphoneos*]" = "iPhone Developer";
				DEVELOPMENT_TEAM = 9QTU947L2N;
				FRAMEWORK_SEARCH_PATHS = (
					"$(inherited)",
					"$(PROJECT_DIR)",
				);
				INFOPLIST_FILE = RomanNumeralCalculator/Info.plist;
				LD_RUNPATH_SEARCH_PATHS = "$(inherited) @executable_path/Frameworks";
				PRODUCT_BUNDLE_IDENTIFIER = ru.happimess.RomanNumberCalculator;
				PRODUCT_NAME = "$(TARGET_NAME)";
				PROVISIONING_PROFILE = "";
				SWIFT_INSTALL_OBJC_HEADER = NO;
				SWIFT_OBJC_BRIDGING_HEADER = "Bridging-Header.h";
				SWIFT_VERSION = 3.0;
			};
			name = Release;
		};
/* End XCBuildConfiguration section */

/* Begin XCConfigurationList section */
		823EA7051E3CFC5200F2351C /* Build configuration list for PBXNativeTarget "RomanNumeralCalculatorTests" */ = {
			isa = XCConfigurationList;
			buildConfigurations = (
				823EA7061E3CFC5200F2351C /* Debug */,
				823EA7071E3CFC5200F2351C /* Release */,
			);
			defaultConfigurationIsVisible = 0;
			defaultConfigurationName = Release;
		};
		823EA7131E3D3CC700F2351C /* Build configuration list for PBXNativeTarget "RomanNumeralCalculatorUITests" */ = {
			isa = XCConfigurationList;
			buildConfigurations = (
				823EA7141E3D3CC700F2351C /* Debug */,
				823EA7151E3D3CC700F2351C /* Release */,
			);
			defaultConfigurationIsVisible = 0;
			defaultConfigurationName = Release;
		};
		835AEC861D80DD7F0046555C /* Build configuration list for PBXProject "RomanNumeralCalculator" */ = {
			isa = XCConfigurationList;
			buildConfigurations = (
				835AECB11D80DD800046555C /* Debug */,
				835AECB21D80DD800046555C /* Release */,
			);
			defaultConfigurationIsVisible = 0;
			defaultConfigurationName = Release;
		};
		835AECB31D80DD800046555C /* Build configuration list for PBXNativeTarget "RomanNumeralCalculator" */ = {
			isa = XCConfigurationList;
			buildConfigurations = (
				835AECB41D80DD800046555C /* Debug */,
				835AECB51D80DD800046555C /* Release */,
			);
			defaultConfigurationIsVisible = 0;
			defaultConfigurationName = Release;
		};
/* End XCConfigurationList section */
	};
	rootObject = 835AEC831D80DD7F0046555C /* Project object */;
}
